
Microsoft Visual Studio Solution File, Format Version 12.00
# Visual Studio Version 17
VisualStudioVersion = 17.10.34916.146
MinimumVisualStudioVersion = 10.0.40219.1
Project("{FAE04EC0-301F-11D3-BF4B-00C04F79EFBC}") = "CampingAPI2", "CampingAPI2\CampingAPI2.csproj", "{80237E77-66A3-4DCE-B1A9-5130670A14CC}"
EndProject
Global
	GlobalSection(SolutionConfigurationPlatforms) = preSolution
		Debug|Any CPU = Debug|Any CPU
		Release|Any CPU = Release|Any CPU
	EndGlobalSection
	GlobalSection(ProjectConfigurationPlatforms) = postSolution
		{80237E77-66A3-4DCE-B1A9-5130670A14CC}.Debug|Any CPU.ActiveCfg = Debug|Any CPU
		{80237E77-66A3-4DCE-B1A9-5130670A14CC}.Debug|Any CPU.Build.0 = Debug|Any CPU
		{80237E77-66A3-4DCE-B1A9-5130670A14CC}.Release|Any CPU.ActiveCfg = Release|Any CPU
		{80237E77-66A3-4DCE-B1A9-5130670A14CC}.Release|Any CPU.Build.0 = Release|Any CPU
	EndGlobalSection
	GlobalSection(SolutionProperties) = preSolution
		HideSolutionNode = FALSE
	EndGlobalSection
	GlobalSection(ExtensibilityGlobals) = postSolution
		SolutionGuid = {5233FD57-588F-45D6-90FC-CE1F47A42FFE}
	EndGlobalSection
EndGlobal
